
Microsoft Visual Studio Solution File, Format Version 12.00
# Visual Studio Version 17
VisualStudioVersion = 17.1.32328.378
MinimumVisualStudioVersion = 10.0.40219.1
Project("{9A19103F-16F7-4668-BE54-9A1E7A4F7556}") = "Careers", "Careers\Careers.csproj", "{F2035637-6C08-4B97-B306-D792DE64FE43}"
EndProject
Project("{9A19103F-16F7-4668-BE54-9A1E7A4F7556}") = "Careers.DataAccess", "Careers.DataAccess\Careers.DataAccess.csproj", "{B6D4A063-F6F6-4496-86F9-553DC7645680}"
EndProject
Global
	GlobalSection(SolutionConfigurationPlatforms) = preSolution
		Debug|Any CPU = Debug|Any CPU
		Release|Any CPU = Release|Any CPU
	EndGlobalSection
	GlobalSection(ProjectConfigurationPlatforms) = postSolution
		{F2035637-6C08-4B97-B306-D792DE64FE43}.Debug|Any CPU.ActiveCfg = Debug|Any CPU
		{F2035637-6C08-4B97-B306-D792DE64FE43}.Debug|Any CPU.Build.0 = Debug|Any CPU
		{F2035637-6C08-4B97-B306-D792DE64FE43}.Release|Any CPU.ActiveCfg = Release|Any CPU
		{F2035637-6C08-4B97-B306-D792DE64FE43}.Release|Any CPU.Build.0 = Release|Any CPU
		{B6D4A063-F6F6-4496-86F9-553DC7645680}.Debug|Any CPU.ActiveCfg = Debug|Any CPU
		{B6D4A063-F6F6-4496-86F9-553DC7645680}.Debug|Any CPU.Build.0 = Debug|Any CPU
		{B6D4A063-F6F6-4496-86F9-553DC7645680}.Release|Any CPU.ActiveCfg = Release|Any CPU
		{B6D4A063-F6F6-4496-86F9-553DC7645680}.Release|Any CPU.Build.0 = Release|Any CPU
	EndGlobalSection
	GlobalSection(SolutionProperties) = preSolution
		HideSolutionNode = FALSE
	EndGlobalSection
	GlobalSection(ExtensibilityGlobals) = postSolution
		SolutionGuid = {E9B25153-910C-4A99-9C19-AAB483F5F337}
	EndGlobalSection
EndGlobal
